
Microsoft Visual Studio Solution File, Format Version 12.00
# Visual Studio Version 16
VisualStudioVersion = 16.0.31624.102
MinimumVisualStudioVersion = 10.0.40219.1
Project("{FAE04EC0-301F-11D3-BF4B-00C04F79EFBC}") = "tv", "tv\tv.csproj", "{55E0074E-5B33-4EA7-A957-BFB3F1BD19F8}"
EndProject
Global
	GlobalSection(SolutionConfigurationPlatforms) = preSolution
		Debug|Any CPU = Debug|Any CPU
		Release|Any CPU = Release|Any CPU
	EndGlobalSection
	GlobalSection(ProjectConfigurationPlatforms) = postSolution
		{55E0074E-5B33-4EA7-A957-BFB3F1BD19F8}.Debug|Any CPU.ActiveCfg = Debug|Any CPU
		{55E0074E-5B33-4EA7-A957-BFB3F1BD19F8}.Debug|Any CPU.Build.0 = Debug|Any CPU
		{55E0074E-5B33-4EA7-A957-BFB3F1BD19F8}.Release|Any CPU.ActiveCfg = Release|Any CPU
		{55E0074E-5B33-4EA7-A957-BFB3F1BD19F8}.Release|Any CPU.Build.0 = Release|Any CPU
	EndGlobalSection
	GlobalSection(SolutionProperties) = preSolution
		HideSolutionNode = FALSE
	EndGlobalSection
	GlobalSection(ExtensibilityGlobals) = postSolution
		SolutionGuid = {C718F4A4-A706-4694-86A5-3E6D16AE1834}
	EndGlobalSection
EndGlobal
